
Microsoft Visual Studio Solution File, Format Version 12.00
# Visual Studio Version 17
VisualStudioVersion = 17.0.31903.59
MinimumVisualStudioVersion = 10.0.40219.1
Project("{FAE04EC0-301F-11D3-BF4B-00C04F79EFBC}") = "DotNetSmartLogging", "DotNetSmartLogging\DotNetSmartLogging.csproj", "{11E98216-8536-40C4-9A6A-F30C39F69700}"
EndProject
Project("{FAE04EC0-301F-11D3-BF4B-00C04F79EFBC}") = "DotNetSmartLogging.Tests", "DotNetSmartLogging.Tests\DotNetSmartLogging.Tests.csproj", "{D0C44F82-E6B4-4356-805E-BEEA038B7ADC}"
EndProject
Global
	GlobalSection(SolutionConfigurationPlatforms) = preSolution
		Debug|Any CPU = Debug|Any CPU
		Release|Any CPU = Release|Any CPU
	EndGlobalSection
	GlobalSection(SolutionProperties) = preSolution
		HideSolutionNode = FALSE
	EndGlobalSection
	GlobalSection(ProjectConfigurationPlatforms) = postSolution
		{11E98216-8536-40C4-9A6A-F30C39F69700}.Debug|Any CPU.ActiveCfg = Debug|Any CPU
		{11E98216-8536-40C4-9A6A-F30C39F69700}.Debug|Any CPU.Build.0 = Debug|Any CPU
		{11E98216-8536-40C4-9A6A-F30C39F69700}.Release|Any CPU.ActiveCfg = Release|Any CPU
		{11E98216-8536-40C4-9A6A-F30C39F69700}.Release|Any CPU.Build.0 = Release|Any CPU
		{D0C44F82-E6B4-4356-805E-BEEA038B7ADC}.Debug|Any CPU.ActiveCfg = Debug|Any CPU
		{D0C44F82-E6B4-4356-805E-BEEA038B7ADC}.Debug|Any CPU.Build.0 = Debug|Any CPU
		{D0C44F82-E6B4-4356-805E-BEEA038B7ADC}.Release|Any CPU.ActiveCfg = Release|Any CPU
		{D0C44F82-E6B4-4356-805E-BEEA038B7ADC}.Release|Any CPU.Build.0 = Release|Any CPU
	EndGlobalSection
EndGlobal
